
Microsoft Visual Studio Solution File, Format Version 12.00
# Visual Studio Version 17
VisualStudioVersion = 17.11.35327.3
MinimumVisualStudioVersion = 10.0.40219.1
Project("{FAE04EC0-301F-11D3-BF4B-00C04F79EFBC}") = "10.05.24 HW", "10.05.24 HW\10.05.24 HW.csproj", "{3D5BBC4A-2F6C-4204-B482-21016AF7C055}"
EndProject
Global
	GlobalSection(SolutionConfigurationPlatforms) = preSolution
		Debug|Any CPU = Debug|Any CPU
		Release|Any CPU = Release|Any CPU
	EndGlobalSection
	GlobalSection(ProjectConfigurationPlatforms) = postSolution
		{3D5BBC4A-2F6C-4204-B482-21016AF7C055}.Debug|Any CPU.ActiveCfg = Debug|Any CPU
		{3D5BBC4A-2F6C-4204-B482-21016AF7C055}.Debug|Any CPU.Build.0 = Debug|Any CPU
		{3D5BBC4A-2F6C-4204-B482-21016AF7C055}.Release|Any CPU.ActiveCfg = Release|Any CPU
		{3D5BBC4A-2F6C-4204-B482-21016AF7C055}.Release|Any CPU.Build.0 = Release|Any CPU
	EndGlobalSection
	GlobalSection(SolutionProperties) = preSolution
		HideSolutionNode = FALSE
	EndGlobalSection
	GlobalSection(ExtensibilityGlobals) = postSolution
		SolutionGuid = {F0D324CB-85C2-4A1B-9896-753ED67CE55F}
	EndGlobalSection
EndGlobal
